// !$*UTF8*$!
{
	archiveVersion = 1;
	classes = {
	};
	objectVersion = 46;
	objects = {

/* Begin PBXBuildFile section */
		963E4CDC14989EC6001BA4AB /* Icon.png in Resources */ = {isa = PBXBuildFile; fileRef = 963E4CDB14989EC6001BA4AB /* Icon.png */; };
		963E4CDF14989ECA001BA4AB /* Icon@2x.png in Resources */ = {isa = PBXBuildFile; fileRef = 963E4CDE14989ECA001BA4AB /* Icon@2x.png */; };
		963E4CE21498A6F7001BA4AB /* Request.m in Sources */ = {isa = PBXBuildFile; fileRef = 963E4CE11498A6F7001BA4AB /* Request.m */; };
		963E4CE61498B0B0001BA4AB /* ConfigViewController.m in Sources */ = {isa = PBXBuildFile; fileRef = 963E4CE41498B0B0001BA4AB /* ConfigViewController.m */; };
		963E4CE71498B0B0001BA4AB /* ConfigView.xib in Resources */ = {isa = PBXBuildFile; fileRef = 963E4CE51498B0B0001BA4AB /* ConfigView.xib */; };
		963E4CE91498B2A9001BA4AB /* third.png in Resources */ = {isa = PBXBuildFile; fileRef = 963E4CE81498B2A9001BA4AB /* third.png */; };
		965BC51B1497C7AD00E6D171 /* UIKit.framework in Frameworks */ = {isa = PBXBuildFile; fileRef = 965BC51A1497C7AD00E6D171 /* UIKit.framework */; };
		965BC51D1497C7AD00E6D171 /* Foundation.framework in Frameworks */ = {isa = PBXBuildFile; fileRef = 965BC51C1497C7AD00E6D171 /* Foundation.framework */; };
		965BC51F1497C7AD00E6D171 /* CoreGraphics.framework in Frameworks */ = {isa = PBXBuildFile; fileRef = 965BC51E1497C7AD00E6D171 /* CoreGraphics.framework */; };
		965BC5211497C7AD00E6D171 /* CoreData.framework in Frameworks */ = {isa = PBXBuildFile; fileRef = 965BC5201497C7AD00E6D171 /* CoreData.framework */; };
		965BC5271497C7AD00E6D171 /* InfoPlist.strings in Resources */ = {isa = PBXBuildFile; fileRef = 965BC5251497C7AD00E6D171 /* InfoPlist.strings */; };
		965BC5291497C7AD00E6D171 /* main.m in Sources */ = {isa = PBXBuildFile; fileRef = 965BC5281497C7AD00E6D171 /* main.m */; };
		965BC52D1497C7AD00E6D171 /* AppDelegate.m in Sources */ = {isa = PBXBuildFile; fileRef = 965BC52C1497C7AD00E6D171 /* AppDelegate.m */; };
		965BC5301497C7AD00E6D171 /* SS_PingPong.xcdatamodeld in Sources */ = {isa = PBXBuildFile; fileRef = 965BC52E1497C7AD00E6D171 /* SS_PingPong.xcdatamodeld */; };
		965BC5421497C86600E6D171 /* StartViewController.m in Sources */ = {isa = PBXBuildFile; fileRef = 965BC5401497C86600E6D171 /* StartViewController.m */; };
		965BC5431497C86600E6D171 /* StartView.xib in Resources */ = {isa = PBXBuildFile; fileRef = 965BC5411497C86600E6D171 /* StartView.xib */; };
		965BC5471497C87900E6D171 /* ResultsViewController.m in Sources */ = {isa = PBXBuildFile; fileRef = 965BC5451497C87900E6D171 /* ResultsViewController.m */; };
		965BC5481497C87900E6D171 /* ResultsView.xib in Resources */ = {isa = PBXBuildFile; fileRef = 965BC5461497C87900E6D171 /* ResultsView.xib */; };
		965BC54D1497C92500E6D171 /* first.png in Resources */ = {isa = PBXBuildFile; fileRef = 965BC5491497C92500E6D171 /* first.png */; };
		965BC54E1497C92500E6D171 /* first@2x.png in Resources */ = {isa = PBXBuildFile; fileRef = 965BC54A1497C92500E6D171 /* first@2x.png */; };
		965BC54F1497C92500E6D171 /* second.png in Resources */ = {isa = PBXBuildFile; fileRef = 965BC54B1497C92500E6D171 /* second.png */; };
		965BC5501497C92500E6D171 /* second@2x.png in Resources */ = {isa = PBXBuildFile; fileRef = 965BC54C1497C92500E6D171 /* second@2x.png */; };
		965BC5D51497D08900E6D171 /* ASIAuthenticationDialog.m in Sources */ = {isa = PBXBuildFile; fileRef = 965BC5981497D08900E6D171 /* ASIAuthenticationDialog.m */; settings = {COMPILER_FLAGS = "-fno-objc-arc"; }; };
		965BC5D61497D08900E6D171 /* ASIDataCompressor.m in Sources */ = {isa = PBXBuildFile; fileRef = 965BC59B1497D08900E6D171 /* ASIDataCompressor.m */; settings = {COMPILER_FLAGS = "-fno-objc-arc"; }; };
		965BC5D71497D08900E6D171 /* ASIDataDecompressor.m in Sources */ = {isa = PBXBuildFile; fileRef = 965BC59D1497D08900E6D171 /* ASIDataDecompressor.m */; settings = {COMPILER_FLAGS = "-fno-objc-arc"; }; };
		965BC5D81497D08900E6D171 /* ASIDownloadCache.m in Sources */ = {isa = PBXBuildFile; fileRef = 965BC59F1497D08900E6D171 /* ASIDownloadCache.m */; settings = {COMPILER_FLAGS = "-fno-objc-arc"; }; };
		965BC5D91497D08900E6D171 /* ASIFormDataRequest.m in Sources */ = {isa = PBXBuildFile; fileRef = 965BC5A11497D08900E6D171 /* ASIFormDataRequest.m */; settings = {COMPILER_FLAGS = "-fno-objc-arc"; }; };
		965BC5DA1497D08900E6D171 /* ASIHTTPRequest.m in Sources */ = {isa = PBXBuildFile; fileRef = 965BC5A31497D08900E6D171 /* ASIHTTPRequest.m */; settings = {COMPILER_FLAGS = "-fno-objc-arc"; }; };
		965BC5DB1497D08900E6D171 /* ASIInputStream.m in Sources */ = {isa = PBXBuildFile; fileRef = 965BC5A71497D08900E6D171 /* ASIInputStream.m */; settings = {COMPILER_FLAGS = "-fno-objc-arc"; }; };
		965BC5DC1497D08900E6D171 /* ASINetworkQueue.m in Sources */ = {isa = PBXBuildFile; fileRef = 965BC5A91497D08900E6D171 /* ASINetworkQueue.m */; settings = {COMPILER_FLAGS = "-fno-objc-arc"; }; };
		965BC5DD1497D08900E6D171 /* Reachability.m in Sources */ = {isa = PBXBuildFile; fileRef = 965BC5AD1497D08900E6D171 /* Reachability.m */; settings = {COMPILER_FLAGS = "-fno-objc-arc"; }; };
		965BC5DE1497D08900E6D171 /* AsyncSocket Documentation.html in Resources */ = {isa = PBXBuildFile; fileRef = 965BC5AF1497D08900E6D171 /* AsyncSocket Documentation.html */; };
		965BC5DF1497D08900E6D171 /* AsyncSocket.m in Sources */ = {isa = PBXBuildFile; fileRef = 965BC5B11497D08900E6D171 /* AsyncSocket.m */; settings = {COMPILER_FLAGS = "-fno-objc-arc"; }; };
		965BC5E01497D08900E6D171 /* AsyncUdpSocket.m in Sources */ = {isa = PBXBuildFile; fileRef = 965BC5B31497D08900E6D171 /* AsyncUdpSocket.m */; settings = {COMPILER_FLAGS = "-fno-objc-arc"; }; };
		965BC5E11497D08900E6D171 /* changes.txt in Resources */ = {isa = PBXBuildFile; fileRef = 965BC5B41497D08900E6D171 /* changes.txt */; };
		965BC5E21497D08900E6D171 /* NSObject+SBJson.m in Sources */ = {isa = PBXBuildFile; fileRef = 965BC5B71497D08900E6D171 /* NSObject+SBJson.m */; };
		965BC5E31497D08900E6D171 /* SBJsonParser.m in Sources */ = {isa = PBXBuildFile; fileRef = 965BC5BA1497D08900E6D171 /* SBJsonParser.m */; };
		965BC5E41497D08900E6D171 /* SBJsonStreamParser.m in Sources */ = {isa = PBXBuildFile; fileRef = 965BC5BC1497D08900E6D171 /* SBJsonStreamParser.m */; };
		965BC5E51497D08900E6D171 /* SBJsonStreamParserAccumulator.m in Sources */ = {isa = PBXBuildFile; fileRef = 965BC5BE1497D08900E6D171 /* SBJsonStreamParserAccumulator.m */; };
		965BC5E61497D08900E6D171 /* SBJsonStreamParserAdapter.m in Sources */ = {isa = PBXBuildFile; fileRef = 965BC5C01497D08900E6D171 /* SBJsonStreamParserAdapter.m */; };
		965BC5E71497D08900E6D171 /* SBJsonStreamParserState.m in Sources */ = {isa = PBXBuildFile; fileRef = 965BC5C21497D08900E6D171 /* SBJsonStreamParserState.m */; };
		965BC5E81497D08900E6D171 /* SBJsonStreamWriter.m in Sources */ = {isa = PBXBuildFile; fileRef = 965BC5C41497D08900E6D171 /* SBJsonStreamWriter.m */; };
		965BC5E91497D08900E6D171 /* SBJsonStreamWriterAccumulator.m in Sources */ = {isa = PBXBuildFile; fileRef = 965BC5C61497D08900E6D171 /* SBJsonStreamWriterAccumulator.m */; };
		965BC5EA1497D08900E6D171 /* SBJsonStreamWriterState.m in Sources */ = {isa = PBXBuildFile; fileRef = 965BC5C81497D08900E6D171 /* SBJsonStreamWriterState.m */; };
		965BC5EB1497D08900E6D171 /* SBJsonTokeniser.m in Sources */ = {isa = PBXBuildFile; fileRef = 965BC5CA1497D08900E6D171 /* SBJsonTokeniser.m */; };
		965BC5EC1497D08900E6D171 /* SBJsonUTF8Stream.m in Sources */ = {isa = PBXBuildFile; fileRef = 965BC5CC1497D08900E6D171 /* SBJsonUTF8Stream.m */; };
		965BC5ED1497D08900E6D171 /* SBJsonWriter.m in Sources */ = {isa = PBXBuildFile; fileRef = 965BC5CE1497D08900E6D171 /* SBJsonWriter.m */; };
		965BC5EE1497D08900E6D171 /* RegexKitLite.m in Sources */ = {isa = PBXBuildFile; fileRef = 965BC5D01497D08900E6D171 /* RegexKitLite.m */; settings = {COMPILER_FLAGS = "-fno-objc-arc"; }; };
		965BC5EF1497D08900E6D171 /* SocketIO.m in Sources */ = {isa = PBXBuildFile; fileRef = 965BC5D21497D08900E6D171 /* SocketIO.m */; settings = {COMPILER_FLAGS = "-fno-objc-arc"; }; };
		965BC5F01497D08900E6D171 /* WebSocket.m in Sources */ = {isa = PBXBuildFile; fileRef = 965BC5D41497D08900E6D171 /* WebSocket.m */; settings = {COMPILER_FLAGS = "-fno-objc-arc"; }; };
		965BC5F31497D0B400E6D171 /* CFNetwork.framework in Frameworks */ = {isa = PBXBuildFile; fileRef = 965BC5F11497D0A900E6D171 /* CFNetwork.framework */; };
		965BC5F61497D0C200E6D171 /* SystemConfiguration.framework in Frameworks */ = {isa = PBXBuildFile; fileRef = 965BC5F41497D0BC00E6D171 /* SystemConfiguration.framework */; };
		965BC5F91497D0D600E6D171 /* MobileCoreServices.framework in Frameworks */ = {isa = PBXBuildFile; fileRef = 965BC5F71497D0CE00E6D171 /* MobileCoreServices.framework */; };
		965BC5FB1497D0E700E6D171 /* libz.dylib in Frameworks */ = {isa = PBXBuildFile; fileRef = 965BC5FA1497D0E700E6D171 /* libz.dylib */; };
		96FDBB6714D9706C00153D6C /* main.m in Sources */ = {isa = PBXBuildFile; fileRef = 965BC5281497C7AD00E6D171 /* main.m */; };
		96FDBB6814D9706C00153D6C /* AppDelegate.m in Sources */ = {isa = PBXBuildFile; fileRef = 965BC52C1497C7AD00E6D171 /* AppDelegate.m */; };
		96FDBB6914D9706C00153D6C /* SS_PingPong.xcdatamodeld in Sources */ = {isa = PBXBuildFile; fileRef = 965BC52E1497C7AD00E6D171 /* SS_PingPong.xcdatamodeld */; };
		96FDBB6A14D9706C00153D6C /* StartViewController.m in Sources */ = {isa = PBXBuildFile; fileRef = 965BC5401497C86600E6D171 /* StartViewController.m */; };
		96FDBB6B14D9706C00153D6C /* ResultsViewController.m in Sources */ = {isa = PBXBuildFile; fileRef = 965BC5451497C87900E6D171 /* ResultsViewController.m */; };
		96FDBB6C14D9706C00153D6C /* ASIAuthenticationDialog.m in Sources */ = {isa = PBXBuildFile; fileRef = 965BC5981497D08900E6D171 /* ASIAuthenticationDialog.m */; settings = {COMPILER_FLAGS = "-fno-objc-arc"; }; };
		96FDBB6D14D9706C00153D6C /* ASIDataCompressor.m in Sources */ = {isa = PBXBuildFile; fileRef = 965BC59B1497D08900E6D171 /* ASIDataCompressor.m */; settings = {COMPILER_FLAGS = "-fno-objc-arc"; }; };
		96FDBB6E14D9706C00153D6C /* ASIDataDecompressor.m in Sources */ = {isa = PBXBuildFile; fileRef = 965BC59D1497D08900E6D171 /* ASIDataDecompressor.m */; settings = {COMPILER_FLAGS = "-fno-objc-arc"; }; };
		96FDBB6F14D9706C00153D6C /* ASIDownloadCache.m in Sources */ = {isa = PBXBuildFile; fileRef = 965BC59F1497D08900E6D171 /* ASIDownloadCache.m */; settings = {COMPILER_FLAGS = "-fno-objc-arc"; }; };
		96FDBB7014D9706C00153D6C /* ASIFormDataRequest.m in Sources */ = {isa = PBXBuildFile; fileRef = 965BC5A11497D08900E6D171 /* ASIFormDataRequest.m */; settings = {COMPILER_FLAGS = "-fno-objc-arc"; }; };
		96FDBB7114D9706C00153D6C /* ASIHTTPRequest.m in Sources */ = {isa = PBXBuildFile; fileRef = 965BC5A31497D08900E6D171 /* ASIHTTPRequest.m */; settings = {COMPILER_FLAGS = "-fno-objc-arc"; }; };
		96FDBB7214D9706C00153D6C /* ASIInputStream.m in Sources */ = {isa = PBXBuildFile; fileRef = 965BC5A71497D08900E6D171 /* ASIInputStream.m */; settings = {COMPILER_FLAGS = "-fno-objc-arc"; }; };
		96FDBB7314D9706C00153D6C /* ASINetworkQueue.m in Sources */ = {isa = PBXBuildFile; fileRef = 965BC5A91497D08900E6D171 /* ASINetworkQueue.m */; settings = {COMPILER_FLAGS = "-fno-objc-arc"; }; };
		96FDBB7414D9706C00153D6C /* Reachability.m in Sources */ = {isa = PBXBuildFile; fileRef = 965BC5AD1497D08900E6D171 /* Reachability.m */; settings = {COMPILER_FLAGS = "-fno-objc-arc"; }; };
		96FDBB7714D9706C00153D6C /* NSObject+SBJson.m in Sources */ = {isa = PBXBuildFile; fileRef = 965BC5B71497D08900E6D171 /* NSObject+SBJson.m */; };
		96FDBB7814D9706C00153D6C /* SBJsonParser.m in Sources */ = {isa = PBXBuildFile; fileRef = 965BC5BA1497D08900E6D171 /* SBJsonParser.m */; };
		96FDBB7914D9706C00153D6C /* SBJsonStreamParser.m in Sources */ = {isa = PBXBuildFile; fileRef = 965BC5BC1497D08900E6D171 /* SBJsonStreamParser.m */; };
		96FDBB7A14D9706C00153D6C /* SBJsonStreamParserAccumulator.m in Sources */ = {isa = PBXBuildFile; fileRef = 965BC5BE1497D08900E6D171 /* SBJsonStreamParserAccumulator.m */; };
		96FDBB7B14D9706C00153D6C /* SBJsonStreamParserAdapter.m in Sources */ = {isa = PBXBuildFile; fileRef = 965BC5C01497D08900E6D171 /* SBJsonStreamParserAdapter.m */; };
		96FDBB7C14D9706C00153D6C /* SBJsonStreamParserState.m in Sources */ = {isa = PBXBuildFile; fileRef = 965BC5C21497D08900E6D171 /* SBJsonStreamParserState.m */; };
		96FDBB7D14D9706C00153D6C /* SBJsonStreamWriter.m in Sources */ = {isa = PBXBuildFile; fileRef = 965BC5C41497D08900E6D171 /* SBJsonStreamWriter.m */; };
		96FDBB7E14D9706C00153D6C /* SBJsonStreamWriterAccumulator.m in Sources */ = {isa = PBXBuildFile; fileRef = 965BC5C61497D08900E6D171 /* SBJsonStreamWriterAccumulator.m */; };
		96FDBB7F14D9706C00153D6C /* SBJsonStreamWriterState.m in Sources */ = {isa = PBXBuildFile; fileRef = 965BC5C81497D08900E6D171 /* SBJsonStreamWriterState.m */; };
		96FDBB8014D9706C00153D6C /* SBJsonTokeniser.m in Sources */ = {isa = PBXBuildFile; fileRef = 965BC5CA1497D08900E6D171 /* SBJsonTokeniser.m */; };
		96FDBB8114D9706C00153D6C /* SBJsonUTF8Stream.m in Sources */ = {isa = PBXBuildFile; fileRef = 965BC5CC1497D08900E6D171 /* SBJsonUTF8Stream.m */; };
		96FDBB8214D9706C00153D6C /* SBJsonWriter.m in Sources */ = {isa = PBXBuildFile; fileRef = 965BC5CE1497D08900E6D171 /* SBJsonWriter.m */; };
		96FDBB8314D9706C00153D6C /* RegexKitLite.m in Sources */ = {isa = PBXBuildFile; fileRef = 965BC5D01497D08900E6D171 /* RegexKitLite.m */; settings = {COMPILER_FLAGS = "-fno-objc-arc"; }; };
		96FDBB8414D9706C00153D6C /* SocketIO.m in Sources */ = {isa = PBXBuildFile; fileRef = 965BC5D21497D08900E6D171 /* SocketIO.m */; settings = {COMPILER_FLAGS = "-fno-objc-arc"; }; };
		96FDBB8514D9706C00153D6C /* WebSocket.m in Sources */ = {isa = PBXBuildFile; fileRef = 965BC5D41497D08900E6D171 /* WebSocket.m */; settings = {COMPILER_FLAGS = "-fno-objc-arc"; }; };
		96FDBB8614D9706C00153D6C /* Request.m in Sources */ = {isa = PBXBuildFile; fileRef = 963E4CE11498A6F7001BA4AB /* Request.m */; };
		96FDBB8714D9706C00153D6C /* ConfigViewController.m in Sources */ = {isa = PBXBuildFile; fileRef = 963E4CE41498B0B0001BA4AB /* ConfigViewController.m */; };
		96FDBB8914D9706C00153D6C /* libz.dylib in Frameworks */ = {isa = PBXBuildFile; fileRef = 965BC5FA1497D0E700E6D171 /* libz.dylib */; };
		96FDBB8A14D9706C00153D6C /* CoreGraphics.framework in Frameworks */ = {isa = PBXBuildFile; fileRef = 965BC51E1497C7AD00E6D171 /* CoreGraphics.framework */; };
		96FDBB8B14D9706C00153D6C /* MobileCoreServices.framework in Frameworks */ = {isa = PBXBuildFile; fileRef = 965BC5F71497D0CE00E6D171 /* MobileCoreServices.framework */; };
		96FDBB8C14D9706C00153D6C /* SystemConfiguration.framework in Frameworks */ = {isa = PBXBuildFile; fileRef = 965BC5F41497D0BC00E6D171 /* SystemConfiguration.framework */; };
		96FDBB8D14D9706C00153D6C /* CFNetwork.framework in Frameworks */ = {isa = PBXBuildFile; fileRef = 965BC5F11497D0A900E6D171 /* CFNetwork.framework */; };
		96FDBB8E14D9706C00153D6C /* UIKit.framework in Frameworks */ = {isa = PBXBuildFile; fileRef = 965BC51A1497C7AD00E6D171 /* UIKit.framework */; };
		96FDBB8F14D9706C00153D6C /* Foundation.framework in Frameworks */ = {isa = PBXBuildFile; fileRef = 965BC51C1497C7AD00E6D171 /* Foundation.framework */; };
		96FDBB9014D9706C00153D6C /* CoreData.framework in Frameworks */ = {isa = PBXBuildFile; fileRef = 965BC5201497C7AD00E6D171 /* CoreData.framework */; };
		96FDBB9214D9706C00153D6C /* InfoPlist.strings in Resources */ = {isa = PBXBuildFile; fileRef = 965BC5251497C7AD00E6D171 /* InfoPlist.strings */; };
		96FDBB9314D9706C00153D6C /* StartView.xib in Resources */ = {isa = PBXBuildFile; fileRef = 965BC5411497C86600E6D171 /* StartView.xib */; };
		96FDBB9414D9706C00153D6C /* ResultsView.xib in Resources */ = {isa = PBXBuildFile; fileRef = 965BC5461497C87900E6D171 /* ResultsView.xib */; };
		96FDBB9514D9706C00153D6C /* first.png in Resources */ = {isa = PBXBuildFile; fileRef = 965BC5491497C92500E6D171 /* first.png */; };
		96FDBB9614D9706C00153D6C /* first@2x.png in Resources */ = {isa = PBXBuildFile; fileRef = 965BC54A1497C92500E6D171 /* first@2x.png */; };
		96FDBB9714D9706C00153D6C /* second.png in Resources */ = {isa = PBXBuildFile; fileRef = 965BC54B1497C92500E6D171 /* second.png */; };
		96FDBB9814D9706C00153D6C /* second@2x.png in Resources */ = {isa = PBXBuildFile; fileRef = 965BC54C1497C92500E6D171 /* second@2x.png */; };
		96FDBB9914D9706C00153D6C /* AsyncSocket Documentation.html in Resources */ = {isa = PBXBuildFile; fileRef = 965BC5AF1497D08900E6D171 /* AsyncSocket Documentation.html */; };
		96FDBB9A14D9706C00153D6C /* changes.txt in Resources */ = {isa = PBXBuildFile; fileRef = 965BC5B41497D08900E6D171 /* changes.txt */; };
		96FDBB9B14D9706C00153D6C /* Icon.png in Resources */ = {isa = PBXBuildFile; fileRef = 963E4CDB14989EC6001BA4AB /* Icon.png */; };
		96FDBB9C14D9706C00153D6C /* Icon@2x.png in Resources */ = {isa = PBXBuildFile; fileRef = 963E4CDE14989ECA001BA4AB /* Icon@2x.png */; };
		96FDBB9D14D9706C00153D6C /* ConfigView.xib in Resources */ = {isa = PBXBuildFile; fileRef = 963E4CE51498B0B0001BA4AB /* ConfigView.xib */; };
		96FDBB9E14D9706C00153D6C /* third.png in Resources */ = {isa = PBXBuildFile; fileRef = 963E4CE81498B2A9001BA4AB /* third.png */; };
		96FDBBAF14D970CD00153D6C /* my_first.feature in Resources */ = {isa = PBXBuildFile; fileRef = 96FDBBA814D970CD00153D6C /* my_first.feature */; };
		96FDBBB014D970CD00153D6C /* launch_steps.rb in Resources */ = {isa = PBXBuildFile; fileRef = 96FDBBAA14D970CD00153D6C /* launch_steps.rb */; };
		96FDBBB114D970CD00153D6C /* env.rb in Resources */ = {isa = PBXBuildFile; fileRef = 96FDBBAC14D970CD00153D6C /* env.rb */; };
		96FDBBB214D970CD00153D6C /* frank_static_resources.bundle in Resources */ = {isa = PBXBuildFile; fileRef = 96FDBBAD14D970CD00153D6C /* frank_static_resources.bundle */; };
		96FDBBB314D970CD00153D6C /* libFrank.a in Frameworks */ = {isa = PBXBuildFile; fileRef = 96FDBBAE14D970CD00153D6C /* libFrank.a */; };
		96FDBBB414D972E300153D6C /* AsyncSocket.m in Sources */ = {isa = PBXBuildFile; fileRef = 965BC5B11497D08900E6D171 /* AsyncSocket.m */; };
		96FDBBB514D972E700153D6C /* AsyncUdpSocket.m in Sources */ = {isa = PBXBuildFile; fileRef = 965BC5B31497D08900E6D171 /* AsyncUdpSocket.m */; };
/* End PBXBuildFile section */

/* Begin PBXFileReference section */
		963E4CDB14989EC6001BA4AB /* Icon.png */ = {isa = PBXFileReference; lastKnownFileType = image.png; path = Icon.png; sourceTree = "<group>"; };
		963E4CDE14989ECA001BA4AB /* Icon@2x.png */ = {isa = PBXFileReference; lastKnownFileType = image.png; path = "Icon@2x.png"; sourceTree = "<group>"; };
		963E4CE01498A6F7001BA4AB /* Request.h */ = {isa = PBXFileReference; fileEncoding = 4; lastKnownFileType = sourcecode.c.h; path = Request.h; sourceTree = "<group>"; };
		963E4CE11498A6F7001BA4AB /* Request.m */ = {isa = PBXFileReference; fileEncoding = 4; lastKnownFileType = sourcecode.c.objc; path = Request.m; sourceTree = "<group>"; };
		963E4CE31498B0B0001BA4AB /* ConfigViewController.h */ = {isa = PBXFileReference; fileEncoding = 4; lastKnownFileType = sourcecode.c.h; path = ConfigViewController.h; sourceTree = "<group>"; };
		963E4CE41498B0B0001BA4AB /* ConfigViewController.m */ = {isa = PBXFileReference; fileEncoding = 4; lastKnownFileType = sourcecode.c.objc; path = ConfigViewController.m; sourceTree = "<group>"; };
		963E4CE51498B0B0001BA4AB /* ConfigView.xib */ = {isa = PBXFileReference; fileEncoding = 4; lastKnownFileType = file.xib; path = ConfigView.xib; sourceTree = "<group>"; };
		963E4CE81498B2A9001BA4AB /* third.png */ = {isa = PBXFileReference; lastKnownFileType = image.png; path = third.png; sourceTree = "<group>"; };
		965BC5161497C7AD00E6D171 /* SS_PingPong.app */ = {isa = PBXFileReference; explicitFileType = wrapper.application; includeInIndex = 0; path = SS_PingPong.app; sourceTree = BUILT_PRODUCTS_DIR; };
		965BC51A1497C7AD00E6D171 /* UIKit.framework */ = {isa = PBXFileReference; lastKnownFileType = wrapper.framework; name = UIKit.framework; path = System/Library/Frameworks/UIKit.framework; sourceTree = SDKROOT; };
		965BC51C1497C7AD00E6D171 /* Foundation.framework */ = {isa = PBXFileReference; lastKnownFileType = wrapper.framework; name = Foundation.framework; path = System/Library/Frameworks/Foundation.framework; sourceTree = SDKROOT; };
		965BC51E1497C7AD00E6D171 /* CoreGraphics.framework */ = {isa = PBXFileReference; lastKnownFileType = wrapper.framework; name = CoreGraphics.framework; path = System/Library/Frameworks/CoreGraphics.framework; sourceTree = SDKROOT; };
		965BC5201497C7AD00E6D171 /* CoreData.framework */ = {isa = PBXFileReference; lastKnownFileType = wrapper.framework; name = CoreData.framework; path = System/Library/Frameworks/CoreData.framework; sourceTree = SDKROOT; };
		965BC5241497C7AD00E6D171 /* SS_PingPong-Info.plist */ = {isa = PBXFileReference; lastKnownFileType = text.plist.xml; path = "SS_PingPong-Info.plist"; sourceTree = "<group>"; };
		965BC5261497C7AD00E6D171 /* en */ = {isa = PBXFileReference; lastKnownFileType = text.plist.strings; name = en; path = en.lproj/InfoPlist.strings; sourceTree = "<group>"; };
		965BC5281497C7AD00E6D171 /* main.m */ = {isa = PBXFileReference; lastKnownFileType = sourcecode.c.objc; path = main.m; sourceTree = "<group>"; };
		965BC52A1497C7AD00E6D171 /* SS_PingPong-Prefix.pch */ = {isa = PBXFileReference; lastKnownFileType = sourcecode.c.h; path = "SS_PingPong-Prefix.pch"; sourceTree = "<group>"; };
		965BC52B1497C7AD00E6D171 /* AppDelegate.h */ = {isa = PBXFileReference; lastKnownFileType = sourcecode.c.h; path = AppDelegate.h; sourceTree = "<group>"; };
		965BC52C1497C7AD00E6D171 /* AppDelegate.m */ = {isa = PBXFileReference; lastKnownFileType = sourcecode.c.objc; path = AppDelegate.m; sourceTree = "<group>"; };
		965BC52F1497C7AD00E6D171 /* SS_PingPong.xcdatamodel */ = {isa = PBXFileReference; lastKnownFileType = wrapper.xcdatamodel; path = SS_PingPong.xcdatamodel; sourceTree = "<group>"; };
		965BC53F1497C86600E6D171 /* StartViewController.h */ = {isa = PBXFileReference; fileEncoding = 4; lastKnownFileType = sourcecode.c.h; path = StartViewController.h; sourceTree = "<group>"; };
		965BC5401497C86600E6D171 /* StartViewController.m */ = {isa = PBXFileReference; fileEncoding = 4; lastKnownFileType = sourcecode.c.objc; path = StartViewController.m; sourceTree = "<group>"; };
		965BC5411497C86600E6D171 /* StartView.xib */ = {isa = PBXFileReference; fileEncoding = 4; lastKnownFileType = file.xib; path = StartView.xib; sourceTree = "<group>"; };
		965BC5441497C87900E6D171 /* ResultsViewController.h */ = {isa = PBXFileReference; fileEncoding = 4; lastKnownFileType = sourcecode.c.h; path = ResultsViewController.h; sourceTree = "<group>"; };
		965BC5451497C87900E6D171 /* ResultsViewController.m */ = {isa = PBXFileReference; fileEncoding = 4; lastKnownFileType = sourcecode.c.objc; path = ResultsViewController.m; sourceTree = "<group>"; };
		965BC5461497C87900E6D171 /* ResultsView.xib */ = {isa = PBXFileReference; fileEncoding = 4; lastKnownFileType = file.xib; path = ResultsView.xib; sourceTree = "<group>"; };
		965BC5491497C92500E6D171 /* first.png */ = {isa = PBXFileReference; lastKnownFileType = image.png; path = first.png; sourceTree = "<group>"; };
		965BC54A1497C92500E6D171 /* first@2x.png */ = {isa = PBXFileReference; lastKnownFileType = image.png; path = "first@2x.png"; sourceTree = "<group>"; };
		965BC54B1497C92500E6D171 /* second.png */ = {isa = PBXFileReference; lastKnownFileType = image.png; path = second.png; sourceTree = "<group>"; };
		965BC54C1497C92500E6D171 /* second@2x.png */ = {isa = PBXFileReference; lastKnownFileType = image.png; path = "second@2x.png"; sourceTree = "<group>"; };
		965BC5971497D08900E6D171 /* ASIAuthenticationDialog.h */ = {isa = PBXFileReference; fileEncoding = 4; lastKnownFileType = sourcecode.c.h; path = ASIAuthenticationDialog.h; sourceTree = "<group>"; };
		965BC5981497D08900E6D171 /* ASIAuthenticationDialog.m */ = {isa = PBXFileReference; fileEncoding = 4; lastKnownFileType = sourcecode.c.objc; path = ASIAuthenticationDialog.m; sourceTree = "<group>"; };
		965BC5991497D08900E6D171 /* ASICacheDelegate.h */ = {isa = PBXFileReference; fileEncoding = 4; lastKnownFileType = sourcecode.c.h; path = ASICacheDelegate.h; sourceTree = "<group>"; };
		965BC59A1497D08900E6D171 /* ASIDataCompressor.h */ = {isa = PBXFileReference; fileEncoding = 4; lastKnownFileType = sourcecode.c.h; path = ASIDataCompressor.h; sourceTree = "<group>"; };
		965BC59B1497D08900E6D171 /* ASIDataCompressor.m */ = {isa = PBXFileReference; fileEncoding = 4; lastKnownFileType = sourcecode.c.objc; path = ASIDataCompressor.m; sourceTree = "<group>"; };
		965BC59C1497D08900E6D171 /* ASIDataDecompressor.h */ = {isa = PBXFileReference; fileEncoding = 4; lastKnownFileType = sourcecode.c.h; path = ASIDataDecompressor.h; sourceTree = "<group>"; };
		965BC59D1497D08900E6D171 /* ASIDataDecompressor.m */ = {isa = PBXFileReference; fileEncoding = 4; lastKnownFileType = sourcecode.c.objc; path = ASIDataDecompressor.m; sourceTree = "<group>"; };
		965BC59E1497D08900E6D171 /* ASIDownloadCache.h */ = {isa = PBXFileReference; fileEncoding = 4; lastKnownFileType = sourcecode.c.h; path = ASIDownloadCache.h; sourceTree = "<group>"; };
		965BC59F1497D08900E6D171 /* ASIDownloadCache.m */ = {isa = PBXFileReference; fileEncoding = 4; lastKnownFileType = sourcecode.c.objc; path = ASIDownloadCache.m; sourceTree = "<group>"; };
		965BC5A01497D08900E6D171 /* ASIFormDataRequest.h */ = {isa = PBXFileReference; fileEncoding = 4; lastKnownFileType = sourcecode.c.h; path = ASIFormDataRequest.h; sourceTree = "<group>"; };
		965BC5A11497D08900E6D171 /* ASIFormDataRequest.m */ = {isa = PBXFileReference; fileEncoding = 4; lastKnownFileType = sourcecode.c.objc; path = ASIFormDataRequest.m; sourceTree = "<group>"; };
		965BC5A21497D08900E6D171 /* ASIHTTPRequest.h */ = {isa = PBXFileReference; fileEncoding = 4; lastKnownFileType = sourcecode.c.h; path = ASIHTTPRequest.h; sourceTree = "<group>"; };
		965BC5A31497D08900E6D171 /* ASIHTTPRequest.m */ = {isa = PBXFileReference; fileEncoding = 4; lastKnownFileType = sourcecode.c.objc; path = ASIHTTPRequest.m; sourceTree = "<group>"; };
		965BC5A41497D08900E6D171 /* ASIHTTPRequestConfig.h */ = {isa = PBXFileReference; fileEncoding = 4; lastKnownFileType = sourcecode.c.h; path = ASIHTTPRequestConfig.h; sourceTree = "<group>"; };
		965BC5A51497D08900E6D171 /* ASIHTTPRequestDelegate.h */ = {isa = PBXFileReference; fileEncoding = 4; lastKnownFileType = sourcecode.c.h; path = ASIHTTPRequestDelegate.h; sourceTree = "<group>"; };
		965BC5A61497D08900E6D171 /* ASIInputStream.h */ = {isa = PBXFileReference; fileEncoding = 4; lastKnownFileType = sourcecode.c.h; path = ASIInputStream.h; sourceTree = "<group>"; };
		965BC5A71497D08900E6D171 /* ASIInputStream.m */ = {isa = PBXFileReference; fileEncoding = 4; lastKnownFileType = sourcecode.c.objc; path = ASIInputStream.m; sourceTree = "<group>"; };
		965BC5A81497D08900E6D171 /* ASINetworkQueue.h */ = {isa = PBXFileReference; fileEncoding = 4; lastKnownFileType = sourcecode.c.h; path = ASINetworkQueue.h; sourceTree = "<group>"; };
		965BC5A91497D08900E6D171 /* ASINetworkQueue.m */ = {isa = PBXFileReference; fileEncoding = 4; lastKnownFileType = sourcecode.c.objc; path = ASINetworkQueue.m; sourceTree = "<group>"; };
		965BC5AA1497D08900E6D171 /* ASIProgressDelegate.h */ = {isa = PBXFileReference; fileEncoding = 4; lastKnownFileType = sourcecode.c.h; path = ASIProgressDelegate.h; sourceTree = "<group>"; };
		965BC5AC1497D08900E6D171 /* Reachability.h */ = {isa = PBXFileReference; fileEncoding = 4; lastKnownFileType = sourcecode.c.h; path = Reachability.h; sourceTree = "<group>"; };
		965BC5AD1497D08900E6D171 /* Reachability.m */ = {isa = PBXFileReference; fileEncoding = 4; lastKnownFileType = sourcecode.c.objc; path = Reachability.m; sourceTree = "<group>"; };
		965BC5AF1497D08900E6D171 /* AsyncSocket Documentation.html */ = {isa = PBXFileReference; fileEncoding = 4; lastKnownFileType = text.html; path = "AsyncSocket Documentation.html"; sourceTree = "<group>"; };
		965BC5B01497D08900E6D171 /* AsyncSocket.h */ = {isa = PBXFileReference; fileEncoding = 4; lastKnownFileType = sourcecode.c.h; path = AsyncSocket.h; sourceTree = "<group>"; };
		965BC5B11497D08900E6D171 /* AsyncSocket.m */ = {isa = PBXFileReference; fileEncoding = 4; lastKnownFileType = sourcecode.c.objc; path = AsyncSocket.m; sourceTree = "<group>"; };
		965BC5B21497D08900E6D171 /* AsyncUdpSocket.h */ = {isa = PBXFileReference; fileEncoding = 4; lastKnownFileType = sourcecode.c.h; path = AsyncUdpSocket.h; sourceTree = "<group>"; };
		965BC5B31497D08900E6D171 /* AsyncUdpSocket.m */ = {isa = PBXFileReference; fileEncoding = 4; lastKnownFileType = sourcecode.c.objc; path = AsyncUdpSocket.m; sourceTree = "<group>"; };
		965BC5B41497D08900E6D171 /* changes.txt */ = {isa = PBXFileReference; fileEncoding = 4; lastKnownFileType = text; path = changes.txt; sourceTree = "<group>"; };
		965BC5B61497D08900E6D171 /* NSObject+SBJson.h */ = {isa = PBXFileReference; fileEncoding = 4; lastKnownFileType = sourcecode.c.h; path = "NSObject+SBJson.h"; sourceTree = "<group>"; };
		965BC5B71497D08900E6D171 /* NSObject+SBJson.m */ = {isa = PBXFileReference; fileEncoding = 4; lastKnownFileType = sourcecode.c.objc; path = "NSObject+SBJson.m"; sourceTree = "<group>"; };
		965BC5B81497D08900E6D171 /* SBJson.h */ = {isa = PBXFileReference; fileEncoding = 4; lastKnownFileType = sourcecode.c.h; path = SBJson.h; sourceTree = "<group>"; };
		965BC5B91497D08900E6D171 /* SBJsonParser.h */ = {isa = PBXFileReference; fileEncoding = 4; lastKnownFileType = sourcecode.c.h; path = SBJsonParser.h; sourceTree = "<group>"; };
		965BC5BA1497D08900E6D171 /* SBJsonParser.m */ = {isa = PBXFileReference; fileEncoding = 4; lastKnownFileType = sourcecode.c.objc; path = SBJsonParser.m; sourceTree = "<group>"; };
		965BC5BB1497D08900E6D171 /* SBJsonStreamParser.h */ = {isa = PBXFileReference; fileEncoding = 4; lastKnownFileType = sourcecode.c.h; path = SBJsonStreamParser.h; sourceTree = "<group>"; };
		965BC5BC1497D08900E6D171 /* SBJsonStreamParser.m */ = {isa = PBXFileReference; fileEncoding = 4; lastKnownFileType = sourcecode.c.objc; path = SBJsonStreamParser.m; sourceTree = "<group>"; };
		965BC5BD1497D08900E6D171 /* SBJsonStreamParserAccumulator.h */ = {isa = PBXFileReference; fileEncoding = 4; lastKnownFileType = sourcecode.c.h; path = SBJsonStreamParserAccumulator.h; sourceTree = "<group>"; };
		965BC5BE1497D08900E6D171 /* SBJsonStreamParserAccumulator.m */ = {isa = PBXFileReference; fileEncoding = 4; lastKnownFileType = sourcecode.c.objc; path = SBJsonStreamParserAccumulator.m; sourceTree = "<group>"; };
		965BC5BF1497D08900E6D171 /* SBJsonStreamParserAdapter.h */ = {isa = PBXFileReference; fileEncoding = 4; lastKnownFileType = sourcecode.c.h; path = SBJsonStreamParserAdapter.h; sourceTree = "<group>"; };
		965BC5C01497D08900E6D171 /* SBJsonStreamParserAdapter.m */ = {isa = PBXFileReference; fileEncoding = 4; lastKnownFileType = sourcecode.c.objc; path = SBJsonStreamParserAdapter.m; sourceTree = "<group>"; };
		965BC5C11497D08900E6D171 /* SBJsonStreamParserState.h */ = {isa = PBXFileReference; fileEncoding = 4; lastKnownFileType = sourcecode.c.h; path = SBJsonStreamParserState.h; sourceTree = "<group>"; };
		965BC5C21497D08900E6D171 /* SBJsonStreamParserState.m */ = {isa = PBXFileReference; fileEncoding = 4; lastKnownFileType = sourcecode.c.objc; path = SBJsonStreamParserState.m; sourceTree = "<group>"; };
		965BC5C31497D08900E6D171 /* SBJsonStreamWriter.h */ = {isa = PBXFileReference; fileEncoding = 4; lastKnownFileType = sourcecode.c.h; path = SBJsonStreamWriter.h; sourceTree = "<group>"; };
		965BC5C41497D08900E6D171 /* SBJsonStreamWriter.m */ = {isa = PBXFileReference; fileEncoding = 4; lastKnownFileType = sourcecode.c.objc; path = SBJsonStreamWriter.m; sourceTree = "<group>"; };
		965BC5C51497D08900E6D171 /* SBJsonStreamWriterAccumulator.h */ = {isa = PBXFileReference; fileEncoding = 4; lastKnownFileType = sourcecode.c.h; path = SBJsonStreamWriterAccumulator.h; sourceTree = "<group>"; };
		965BC5C61497D08900E6D171 /* SBJsonStreamWriterAccumulator.m */ = {isa = PBXFileReference; fileEncoding = 4; lastKnownFileType = sourcecode.c.objc; path = SBJsonStreamWriterAccumulator.m; sourceTree = "<group>"; };
		965BC5C71497D08900E6D171 /* SBJsonStreamWriterState.h */ = {isa = PBXFileReference; fileEncoding = 4; lastKnownFileType = sourcecode.c.h; path = SBJsonStreamWriterState.h; sourceTree = "<group>"; };
		965BC5C81497D08900E6D171 /* SBJsonStreamWriterState.m */ = {isa = PBXFileReference; fileEncoding = 4; lastKnownFileType = sourcecode.c.objc; path = SBJsonStreamWriterState.m; sourceTree = "<group>"; };
		965BC5C91497D08900E6D171 /* SBJsonTokeniser.h */ = {isa = PBXFileReference; fileEncoding = 4; lastKnownFileType = sourcecode.c.h; path = SBJsonTokeniser.h; sourceTree = "<group>"; };
		965BC5CA1497D08900E6D171 /* SBJsonTokeniser.m */ = {isa = PBXFileReference; fileEncoding = 4; lastKnownFileType = sourcecode.c.objc; path = SBJsonTokeniser.m; sourceTree = "<group>"; };
		965BC5CB1497D08900E6D171 /* SBJsonUTF8Stream.h */ = {isa = PBXFileReference; fileEncoding = 4; lastKnownFileType = sourcecode.c.h; path = SBJsonUTF8Stream.h; sourceTree = "<group>"; };
		965BC5CC1497D08900E6D171 /* SBJsonUTF8Stream.m */ = {isa = PBXFileReference; fileEncoding = 4; lastKnownFileType = sourcecode.c.objc; path = SBJsonUTF8Stream.m; sourceTree = "<group>"; };
		965BC5CD1497D08900E6D171 /* SBJsonWriter.h */ = {isa = PBXFileReference; fileEncoding = 4; lastKnownFileType = sourcecode.c.h; path = SBJsonWriter.h; sourceTree = "<group>"; };
		965BC5CE1497D08900E6D171 /* SBJsonWriter.m */ = {isa = PBXFileReference; fileEncoding = 4; lastKnownFileType = sourcecode.c.objc; path = SBJsonWriter.m; sourceTree = "<group>"; };
		965BC5CF1497D08900E6D171 /* RegexKitLite.h */ = {isa = PBXFileReference; fileEncoding = 4; lastKnownFileType = sourcecode.c.h; path = RegexKitLite.h; sourceTree = "<group>"; };
		965BC5D01497D08900E6D171 /* RegexKitLite.m */ = {isa = PBXFileReference; fileEncoding = 4; lastKnownFileType = sourcecode.c.objc; path = RegexKitLite.m; sourceTree = "<group>"; };
		965BC5D11497D08900E6D171 /* SocketIO.h */ = {isa = PBXFileReference; fileEncoding = 4; lastKnownFileType = sourcecode.c.h; path = SocketIO.h; sourceTree = "<group>"; };
		965BC5D21497D08900E6D171 /* SocketIO.m */ = {isa = PBXFileReference; fileEncoding = 4; lastKnownFileType = sourcecode.c.objc; path = SocketIO.m; sourceTree = "<group>"; };
		965BC5D31497D08900E6D171 /* WebSocket.h */ = {isa = PBXFileReference; fileEncoding = 4; lastKnownFileType = sourcecode.c.h; path = WebSocket.h; sourceTree = "<group>"; };
		965BC5D41497D08900E6D171 /* WebSocket.m */ = {isa = PBXFileReference; fileEncoding = 4; lastKnownFileType = sourcecode.c.objc; path = WebSocket.m; sourceTree = "<group>"; };
		965BC5F11497D0A900E6D171 /* CFNetwork.framework */ = {isa = PBXFileReference; lastKnownFileType = wrapper.framework; name = CFNetwork.framework; path = System/Library/Frameworks/CFNetwork.framework; sourceTree = SDKROOT; };
		965BC5F41497D0BC00E6D171 /* SystemConfiguration.framework */ = {isa = PBXFileReference; lastKnownFileType = wrapper.framework; name = SystemConfiguration.framework; path = System/Library/Frameworks/SystemConfiguration.framework; sourceTree = SDKROOT; };
		965BC5F71497D0CE00E6D171 /* MobileCoreServices.framework */ = {isa = PBXFileReference; lastKnownFileType = wrapper.framework; name = MobileCoreServices.framework; path = System/Library/Frameworks/MobileCoreServices.framework; sourceTree = SDKROOT; };
		965BC5FA1497D0E700E6D171 /* libz.dylib */ = {isa = PBXFileReference; lastKnownFileType = "compiled.mach-o.dylib"; name = libz.dylib; path = usr/lib/libz.dylib; sourceTree = SDKROOT; };
		96FDBBA214D9706C00153D6C /* SS_PingPong Frankified.app */ = {isa = PBXFileReference; explicitFileType = wrapper.application; includeInIndex = 0; path = "SS_PingPong Frankified.app"; sourceTree = BUILT_PRODUCTS_DIR; };
		96FDBBA514D9706C00153D6C /* SS_PingPong copy-Info.plist */ = {isa = PBXFileReference; lastKnownFileType = text.plist.xml; name = "SS_PingPong copy-Info.plist"; path = "/Users/seb/dev/Gobas/Socketstream-Connection-Testing-IOS/SS_PingPong copy-Info.plist"; sourceTree = "<absolute>"; };
		96FDBBA814D970CD00153D6C /* my_first.feature */ = {isa = PBXFileReference; fileEncoding = 4; lastKnownFileType = text; path = my_first.feature; sourceTree = "<group>"; };
		96FDBBAA14D970CD00153D6C /* launch_steps.rb */ = {isa = PBXFileReference; fileEncoding = 4; lastKnownFileType = text.script.ruby; path = launch_steps.rb; sourceTree = "<group>"; };
		96FDBBAC14D970CD00153D6C /* env.rb */ = {isa = PBXFileReference; fileEncoding = 4; lastKnownFileType = text.script.ruby; path = env.rb; sourceTree = "<group>"; };
		96FDBBAD14D970CD00153D6C /* frank_static_resources.bundle */ = {isa = PBXFileReference; lastKnownFileType = "wrapper.plug-in"; path = frank_static_resources.bundle; sourceTree = "<group>"; };
		96FDBBAE14D970CD00153D6C /* libFrank.a */ = {isa = PBXFileReference; lastKnownFileType = archive.ar; path = libFrank.a; sourceTree = "<group>"; };
/* End PBXFileReference section */

/* Begin PBXFrameworksBuildPhase section */
		965BC5131497C7AD00E6D171 /* Frameworks */ = {
			isa = PBXFrameworksBuildPhase;
			buildActionMask = 2147483647;
			files = (
				965BC5FB1497D0E700E6D171 /* libz.dylib in Frameworks */,
				965BC51F1497C7AD00E6D171 /* CoreGraphics.framework in Frameworks */,
				965BC5F91497D0D600E6D171 /* MobileCoreServices.framework in Frameworks */,
				965BC5F61497D0C200E6D171 /* SystemConfiguration.framework in Frameworks */,
				965BC5F31497D0B400E6D171 /* CFNetwork.framework in Frameworks */,
				965BC51B1497C7AD00E6D171 /* UIKit.framework in Frameworks */,
				965BC51D1497C7AD00E6D171 /* Foundation.framework in Frameworks */,
				965BC5211497C7AD00E6D171 /* CoreData.framework in Frameworks */,
			);
			runOnlyForDeploymentPostprocessing = 0;
		};
		96FDBB8814D9706C00153D6C /* Frameworks */ = {
			isa = PBXFrameworksBuildPhase;
			buildActionMask = 2147483647;
			files = (
				96FDBB8914D9706C00153D6C /* libz.dylib in Frameworks */,
				96FDBB8A14D9706C00153D6C /* CoreGraphics.framework in Frameworks */,
				96FDBB8B14D9706C00153D6C /* MobileCoreServices.framework in Frameworks */,
				96FDBB8C14D9706C00153D6C /* SystemConfiguration.framework in Frameworks */,
				96FDBB8D14D9706C00153D6C /* CFNetwork.framework in Frameworks */,
				96FDBB8E14D9706C00153D6C /* UIKit.framework in Frameworks */,
				96FDBB8F14D9706C00153D6C /* Foundation.framework in Frameworks */,
				96FDBB9014D9706C00153D6C /* CoreData.framework in Frameworks */,
				96FDBBB314D970CD00153D6C /* libFrank.a in Frameworks */,
			);
			runOnlyForDeploymentPostprocessing = 0;
		};
/* End PBXFrameworksBuildPhase section */

/* Begin PBXGroup section */
		965BC50B1497C7AD00E6D171 = {
			isa = PBXGroup;
			children = (
				96FDBBA614D970CD00153D6C /* Frank */,
				963E4CDE14989ECA001BA4AB /* Icon@2x.png */,
				963E4CDB14989EC6001BA4AB /* Icon.png */,
				965BC5221497C7AD00E6D171 /* SS_PingPong */,
				965BC5191497C7AD00E6D171 /* Frameworks */,
				965BC5171497C7AD00E6D171 /* Products */,
				96FDBBA514D9706C00153D6C /* SS_PingPong copy-Info.plist */,
			);
			sourceTree = "<group>";
		};
		965BC5171497C7AD00E6D171 /* Products */ = {
			isa = PBXGroup;
			children = (
				965BC5161497C7AD00E6D171 /* SS_PingPong.app */,
				96FDBBA214D9706C00153D6C /* SS_PingPong Frankified.app */,
			);
			name = Products;
			sourceTree = "<group>";
		};
		965BC5191497C7AD00E6D171 /* Frameworks */ = {
			isa = PBXGroup;
			children = (
				965BC5FA1497D0E700E6D171 /* libz.dylib */,
				965BC5F71497D0CE00E6D171 /* MobileCoreServices.framework */,
				965BC5F41497D0BC00E6D171 /* SystemConfiguration.framework */,
				965BC5F11497D0A900E6D171 /* CFNetwork.framework */,
				965BC51A1497C7AD00E6D171 /* UIKit.framework */,
				965BC51C1497C7AD00E6D171 /* Foundation.framework */,
				965BC51E1497C7AD00E6D171 /* CoreGraphics.framework */,
				965BC5201497C7AD00E6D171 /* CoreData.framework */,
			);
			name = Frameworks;
			sourceTree = "<group>";
		};
		965BC5221497C7AD00E6D171 /* SS_PingPong */ = {
			isa = PBXGroup;
			children = (
				965BC5951497D08900E6D171 /* dependencies */,
				965BC5591497CBF900E6D171 /* Model */,
				965BC5231497C7AD00E6D171 /* Supporting Files */,
				965BC52B1497C7AD00E6D171 /* AppDelegate.h */,
				965BC52C1497C7AD00E6D171 /* AppDelegate.m */,
				965BC53F1497C86600E6D171 /* StartViewController.h */,
				965BC5401497C86600E6D171 /* StartViewController.m */,
				965BC5411497C86600E6D171 /* StartView.xib */,
				965BC5441497C87900E6D171 /* ResultsViewController.h */,
				965BC5451497C87900E6D171 /* ResultsViewController.m */,
				965BC5461497C87900E6D171 /* ResultsView.xib */,
				963E4CE31498B0B0001BA4AB /* ConfigViewController.h */,
				963E4CE41498B0B0001BA4AB /* ConfigViewController.m */,
				963E4CE51498B0B0001BA4AB /* ConfigView.xib */,
			);
			path = SS_PingPong;
			sourceTree = "<group>";
		};
		965BC5231497C7AD00E6D171 /* Supporting Files */ = {
			isa = PBXGroup;
			children = (
				965BC5511497C92B00E6D171 /* graphics */,
				965BC5241497C7AD00E6D171 /* SS_PingPong-Info.plist */,
				965BC5251497C7AD00E6D171 /* InfoPlist.strings */,
				965BC5281497C7AD00E6D171 /* main.m */,
				965BC52A1497C7AD00E6D171 /* SS_PingPong-Prefix.pch */,
			);
			name = "Supporting Files";
			sourceTree = "<group>";
		};
		965BC5511497C92B00E6D171 /* graphics */ = {
			isa = PBXGroup;
			children = (
				965BC5491497C92500E6D171 /* first.png */,
				965BC54A1497C92500E6D171 /* first@2x.png */,
				965BC54B1497C92500E6D171 /* second.png */,
				965BC54C1497C92500E6D171 /* second@2x.png */,
				963E4CE81498B2A9001BA4AB /* third.png */,
			);
			name = graphics;
			sourceTree = "<group>";
		};
		965BC5591497CBF900E6D171 /* Model */ = {
			isa = PBXGroup;
			children = (
				963E4CE01498A6F7001BA4AB /* Request.h */,
				963E4CE11498A6F7001BA4AB /* Request.m */,
				965BC52E1497C7AD00E6D171 /* SS_PingPong.xcdatamodeld */,
			);
			name = Model;
			sourceTree = "<group>";
		};
		965BC5951497D08900E6D171 /* dependencies */ = {
			isa = PBXGroup;
			children = (
				965BC5961497D08900E6D171 /* ASI */,
				965BC5AE1497D08900E6D171 /* AsyncSocket */,
				965BC5B51497D08900E6D171 /* json */,
				965BC5CF1497D08900E6D171 /* RegexKitLite.h */,
				965BC5D01497D08900E6D171 /* RegexKitLite.m */,
				965BC5D11497D08900E6D171 /* SocketIO.h */,
				965BC5D21497D08900E6D171 /* SocketIO.m */,
				965BC5D31497D08900E6D171 /* WebSocket.h */,
				965BC5D41497D08900E6D171 /* WebSocket.m */,
			);
			path = dependencies;
			sourceTree = "<group>";
		};
		965BC5961497D08900E6D171 /* ASI */ = {
			isa = PBXGroup;
			children = (
				965BC5971497D08900E6D171 /* ASIAuthenticationDialog.h */,
				965BC5981497D08900E6D171 /* ASIAuthenticationDialog.m */,
				965BC5991497D08900E6D171 /* ASICacheDelegate.h */,
				965BC59A1497D08900E6D171 /* ASIDataCompressor.h */,
				965BC59B1497D08900E6D171 /* ASIDataCompressor.m */,
				965BC59C1497D08900E6D171 /* ASIDataDecompressor.h */,
				965BC59D1497D08900E6D171 /* ASIDataDecompressor.m */,
				965BC59E1497D08900E6D171 /* ASIDownloadCache.h */,
				965BC59F1497D08900E6D171 /* ASIDownloadCache.m */,
				965BC5A01497D08900E6D171 /* ASIFormDataRequest.h */,
				965BC5A11497D08900E6D171 /* ASIFormDataRequest.m */,
				965BC5A21497D08900E6D171 /* ASIHTTPRequest.h */,
				965BC5A31497D08900E6D171 /* ASIHTTPRequest.m */,
				965BC5A41497D08900E6D171 /* ASIHTTPRequestConfig.h */,
				965BC5A51497D08900E6D171 /* ASIHTTPRequestDelegate.h */,
				965BC5A61497D08900E6D171 /* ASIInputStream.h */,
				965BC5A71497D08900E6D171 /* ASIInputStream.m */,
				965BC5A81497D08900E6D171 /* ASINetworkQueue.h */,
				965BC5A91497D08900E6D171 /* ASINetworkQueue.m */,
				965BC5AA1497D08900E6D171 /* ASIProgressDelegate.h */,
				965BC5AB1497D08900E6D171 /* Reachability */,
			);
			path = ASI;
			sourceTree = "<group>";
		};
		965BC5AB1497D08900E6D171 /* Reachability */ = {
			isa = PBXGroup;
			children = (
				965BC5AC1497D08900E6D171 /* Reachability.h */,
				965BC5AD1497D08900E6D171 /* Reachability.m */,
			);
			path = Reachability;
			sourceTree = "<group>";
		};
		965BC5AE1497D08900E6D171 /* AsyncSocket */ = {
			isa = PBXGroup;
			children = (
				965BC5AF1497D08900E6D171 /* AsyncSocket Documentation.html */,
				965BC5B01497D08900E6D171 /* AsyncSocket.h */,
				965BC5B11497D08900E6D171 /* AsyncSocket.m */,
				965BC5B21497D08900E6D171 /* AsyncUdpSocket.h */,
				965BC5B31497D08900E6D171 /* AsyncUdpSocket.m */,
				965BC5B41497D08900E6D171 /* changes.txt */,
			);
			path = AsyncSocket;
			sourceTree = "<group>";
		};
		965BC5B51497D08900E6D171 /* json */ = {
			isa = PBXGroup;
			children = (
				965BC5B61497D08900E6D171 /* NSObject+SBJson.h */,
				965BC5B71497D08900E6D171 /* NSObject+SBJson.m */,
				965BC5B81497D08900E6D171 /* SBJson.h */,
				965BC5B91497D08900E6D171 /* SBJsonParser.h */,
				965BC5BA1497D08900E6D171 /* SBJsonParser.m */,
				965BC5BB1497D08900E6D171 /* SBJsonStreamParser.h */,
				965BC5BC1497D08900E6D171 /* SBJsonStreamParser.m */,
				965BC5BD1497D08900E6D171 /* SBJsonStreamParserAccumulator.h */,
				965BC5BE1497D08900E6D171 /* SBJsonStreamParserAccumulator.m */,
				965BC5BF1497D08900E6D171 /* SBJsonStreamParserAdapter.h */,
				965BC5C01497D08900E6D171 /* SBJsonStreamParserAdapter.m */,
				965BC5C11497D08900E6D171 /* SBJsonStreamParserState.h */,
				965BC5C21497D08900E6D171 /* SBJsonStreamParserState.m */,
				965BC5C31497D08900E6D171 /* SBJsonStreamWriter.h */,
				965BC5C41497D08900E6D171 /* SBJsonStreamWriter.m */,
				965BC5C51497D08900E6D171 /* SBJsonStreamWriterAccumulator.h */,
				965BC5C61497D08900E6D171 /* SBJsonStreamWriterAccumulator.m */,
				965BC5C71497D08900E6D171 /* SBJsonStreamWriterState.h */,
				965BC5C81497D08900E6D171 /* SBJsonStreamWriterState.m */,
				965BC5C91497D08900E6D171 /* SBJsonTokeniser.h */,
				965BC5CA1497D08900E6D171 /* SBJsonTokeniser.m */,
				965BC5CB1497D08900E6D171 /* SBJsonUTF8Stream.h */,
				965BC5CC1497D08900E6D171 /* SBJsonUTF8Stream.m */,
				965BC5CD1497D08900E6D171 /* SBJsonWriter.h */,
				965BC5CE1497D08900E6D171 /* SBJsonWriter.m */,
			);
			path = json;
			sourceTree = "<group>";
		};
		96FDBBA614D970CD00153D6C /* Frank */ = {
			isa = PBXGroup;
			children = (
				96FDBBA714D970CD00153D6C /* features */,
				96FDBBAD14D970CD00153D6C /* frank_static_resources.bundle */,
				96FDBBAE14D970CD00153D6C /* libFrank.a */,
			);
			path = Frank;
			sourceTree = "<group>";
		};
		96FDBBA714D970CD00153D6C /* features */ = {
			isa = PBXGroup;
			children = (
				96FDBBA814D970CD00153D6C /* my_first.feature */,
				96FDBBA914D970CD00153D6C /* step_definitions */,
				96FDBBAB14D970CD00153D6C /* support */,
			);
			path = features;
			sourceTree = "<group>";
		};
		96FDBBA914D970CD00153D6C /* step_definitions */ = {
			isa = PBXGroup;
			children = (
				96FDBBAA14D970CD00153D6C /* launch_steps.rb */,
			);
			path = step_definitions;
			sourceTree = "<group>";
		};
		96FDBBAB14D970CD00153D6C /* support */ = {
			isa = PBXGroup;
			children = (
				96FDBBAC14D970CD00153D6C /* env.rb */,
			);
			path = support;
			sourceTree = "<group>";
		};
/* End PBXGroup section */

/* Begin PBXNativeTarget section */
		965BC5151497C7AD00E6D171 /* SS_PingPong */ = {
			isa = PBXNativeTarget;
			buildConfigurationList = 965BC5331497C7AD00E6D171 /* Build configuration list for PBXNativeTarget "SS_PingPong" */;
			buildPhases = (
				965BC5121497C7AD00E6D171 /* Sources */,
				965BC5131497C7AD00E6D171 /* Frameworks */,
				965BC5141497C7AD00E6D171 /* Resources */,
			);
			buildRules = (
			);
			dependencies = (
			);
			name = SS_PingPong;
			productName = SS_PingPong;
			productReference = 965BC5161497C7AD00E6D171 /* SS_PingPong.app */;
			productType = "com.apple.product-type.application";
		};
		96FDBB6514D9706C00153D6C /* Frankified */ = {
			isa = PBXNativeTarget;
			buildConfigurationList = 96FDBB9F14D9706C00153D6C /* Build configuration list for PBXNativeTarget "Frankified" */;
			buildPhases = (
				96FDBB6614D9706C00153D6C /* Sources */,
				96FDBB8814D9706C00153D6C /* Frameworks */,
				96FDBB9114D9706C00153D6C /* Resources */,
			);
			buildRules = (
			);
			dependencies = (
			);
			name = Frankified;
			productName = SS_PingPong;
			productReference = 96FDBBA214D9706C00153D6C /* SS_PingPong Frankified.app */;
			productType = "com.apple.product-type.application";
		};
/* End PBXNativeTarget section */

/* Begin PBXProject section */
		965BC50D1497C7AD00E6D171 /* Project object */ = {
			isa = PBXProject;
			attributes = {
				LastUpgradeCheck = 0420;
			};
			buildConfigurationList = 965BC5101497C7AD00E6D171 /* Build configuration list for PBXProject "SS_PingPong" */;
			compatibilityVersion = "Xcode 3.2";
			developmentRegion = English;
			hasScannedForEncodings = 0;
			knownRegions = (
				en,
			);
			mainGroup = 965BC50B1497C7AD00E6D171;
			productRefGroup = 965BC5171497C7AD00E6D171 /* Products */;
			projectDirPath = "";
			projectRoot = "";
			targets = (
				965BC5151497C7AD00E6D171 /* SS_PingPong */,
				96FDBB6514D9706C00153D6C /* Frankified */,
			);
		};
/* End PBXProject section */

/* Begin PBXResourcesBuildPhase section */
		965BC5141497C7AD00E6D171 /* Resources */ = {
			isa = PBXResourcesBuildPhase;
			buildActionMask = 2147483647;
			files = (
				965BC5271497C7AD00E6D171 /* InfoPlist.strings in Resources */,
				965BC5431497C86600E6D171 /* StartView.xib in Resources */,
				965BC5481497C87900E6D171 /* ResultsView.xib in Resources */,
				965BC54D1497C92500E6D171 /* first.png in Resources */,
				965BC54E1497C92500E6D171 /* first@2x.png in Resources */,
				965BC54F1497C92500E6D171 /* second.png in Resources */,
				965BC5501497C92500E6D171 /* second@2x.png in Resources */,
				965BC5DE1497D08900E6D171 /* AsyncSocket Documentation.html in Resources */,
				965BC5E11497D08900E6D171 /* changes.txt in Resources */,
				963E4CDC14989EC6001BA4AB /* Icon.png in Resources */,
				963E4CDF14989ECA001BA4AB /* Icon@2x.png in Resources */,
				963E4CE71498B0B0001BA4AB /* ConfigView.xib in Resources */,
				963E4CE91498B2A9001BA4AB /* third.png in Resources */,
			);
			runOnlyForDeploymentPostprocessing = 0;
		};
		96FDBB9114D9706C00153D6C /* Resources */ = {
			isa = PBXResourcesBuildPhase;
			buildActionMask = 2147483647;
			files = (
				96FDBB9214D9706C00153D6C /* InfoPlist.strings in Resources */,
				96FDBB9314D9706C00153D6C /* StartView.xib in Resources */,
				96FDBB9414D9706C00153D6C /* ResultsView.xib in Resources */,
				96FDBB9514D9706C00153D6C /* first.png in Resources */,
				96FDBB9614D9706C00153D6C /* first@2x.png in Resources */,
				96FDBB9714D9706C00153D6C /* second.png in Resources */,
				96FDBB9814D9706C00153D6C /* second@2x.png in Resources */,
				96FDBB9914D9706C00153D6C /* AsyncSocket Documentation.html in Resources */,
				96FDBB9A14D9706C00153D6C /* changes.txt in Resources */,
				96FDBB9B14D9706C00153D6C /* Icon.png in Resources */,
				96FDBB9C14D9706C00153D6C /* Icon@2x.png in Resources */,
				96FDBB9D14D9706C00153D6C /* ConfigView.xib in Resources */,
				96FDBB9E14D9706C00153D6C /* third.png in Resources */,
				96FDBBAF14D970CD00153D6C /* my_first.feature in Resources */,
				96FDBBB014D970CD00153D6C /* launch_steps.rb in Resources */,
				96FDBBB114D970CD00153D6C /* env.rb in Resources */,
				96FDBBB214D970CD00153D6C /* frank_static_resources.bundle in Resources */,
			);
			runOnlyForDeploymentPostprocessing = 0;
		};
/* End PBXResourcesBuildPhase section */

/* Begin PBXSourcesBuildPhase section */
		965BC5121497C7AD00E6D171 /* Sources */ = {
			isa = PBXSourcesBuildPhase;
			buildActionMask = 2147483647;
			files = (
				965BC5291497C7AD00E6D171 /* main.m in Sources */,
				965BC52D1497C7AD00E6D171 /* AppDelegate.m in Sources */,
				965BC5301497C7AD00E6D171 /* SS_PingPong.xcdatamodeld in Sources */,
				965BC5421497C86600E6D171 /* StartViewController.m in Sources */,
				965BC5471497C87900E6D171 /* ResultsViewController.m in Sources */,
				965BC5D51497D08900E6D171 /* ASIAuthenticationDialog.m in Sources */,
				965BC5D61497D08900E6D171 /* ASIDataCompressor.m in Sources */,
				965BC5D71497D08900E6D171 /* ASIDataDecompressor.m in Sources */,
				965BC5D81497D08900E6D171 /* ASIDownloadCache.m in Sources */,
				965BC5D91497D08900E6D171 /* ASIFormDataRequest.m in Sources */,
				965BC5DA1497D08900E6D171 /* ASIHTTPRequest.m in Sources */,
				965BC5DB1497D08900E6D171 /* ASIInputStream.m in Sources */,
				965BC5DC1497D08900E6D171 /* ASINetworkQueue.m in Sources */,
				965BC5DD1497D08900E6D171 /* Reachability.m in Sources */,
				965BC5DF1497D08900E6D171 /* AsyncSocket.m in Sources */,
				965BC5E01497D08900E6D171 /* AsyncUdpSocket.m in Sources */,
				965BC5E21497D08900E6D171 /* NSObject+SBJson.m in Sources */,
				965BC5E31497D08900E6D171 /* SBJsonParser.m in Sources */,
				965BC5E41497D08900E6D171 /* SBJsonStreamParser.m in Sources */,
				965BC5E51497D08900E6D171 /* SBJsonStreamParserAccumulator.m in Sources */,
				965BC5E61497D08900E6D171 /* SBJsonStreamParserAdapter.m in Sources */,
				965BC5E71497D08900E6D171 /* SBJsonStreamParserState.m in Sources */,
				965BC5E81497D08900E6D171 /* SBJsonStreamWriter.m in Sources */,
				965BC5E91497D08900E6D171 /* SBJsonStreamWriterAccumulator.m in Sources */,
				965BC5EA1497D08900E6D171 /* SBJsonStreamWriterState.m in Sources */,
				965BC5EB1497D08900E6D171 /* SBJsonTokeniser.m in Sources */,
				965BC5EC1497D08900E6D171 /* SBJsonUTF8Stream.m in Sources */,
				965BC5ED1497D08900E6D171 /* SBJsonWriter.m in Sources */,
				965BC5EE1497D08900E6D171 /* RegexKitLite.m in Sources */,
				965BC5EF1497D08900E6D171 /* SocketIO.m in Sources */,
				965BC5F01497D08900E6D171 /* WebSocket.m in Sources */,
				963E4CE21498A6F7001BA4AB /* Request.m in Sources */,
				963E4CE61498B0B0001BA4AB /* ConfigViewController.m in Sources */,
			);
			runOnlyForDeploymentPostprocessing = 0;
		};
		96FDBB6614D9706C00153D6C /* Sources */ = {
			isa = PBXSourcesBuildPhase;
			buildActionMask = 2147483647;
			files = (
				96FDBB6714D9706C00153D6C /* main.m in Sources */,
				96FDBB6814D9706C00153D6C /* AppDelegate.m in Sources */,
				96FDBB6914D9706C00153D6C /* SS_PingPong.xcdatamodeld in Sources */,
				96FDBB6A14D9706C00153D6C /* StartViewController.m in Sources */,
				96FDBB6B14D9706C00153D6C /* ResultsViewController.m in Sources */,
				96FDBB6C14D9706C00153D6C /* ASIAuthenticationDialog.m in Sources */,
				96FDBB6D14D9706C00153D6C /* ASIDataCompressor.m in Sources */,
				96FDBB6E14D9706C00153D6C /* ASIDataDecompressor.m in Sources */,
				96FDBB6F14D9706C00153D6C /* ASIDownloadCache.m in Sources */,
				96FDBB7014D9706C00153D6C /* ASIFormDataRequest.m in Sources */,
				96FDBB7114D9706C00153D6C /* ASIHTTPRequest.m in Sources */,
				96FDBB7214D9706C00153D6C /* ASIInputStream.m in Sources */,
				96FDBB7314D9706C00153D6C /* ASINetworkQueue.m in Sources */,
				96FDBB7414D9706C00153D6C /* Reachability.m in Sources */,
				96FDBB7714D9706C00153D6C /* NSObject+SBJson.m in Sources */,
				96FDBB7814D9706C00153D6C /* SBJsonParser.m in Sources */,
				96FDBB7914D9706C00153D6C /* SBJsonStreamParser.m in Sources */,
				96FDBB7A14D9706C00153D6C /* SBJsonStreamParserAccumulator.m in Sources */,
				96FDBB7B14D9706C00153D6C /* SBJsonStreamParserAdapter.m in Sources */,
				96FDBB7C14D9706C00153D6C /* SBJsonStreamParserState.m in Sources */,
				96FDBB7D14D9706C00153D6C /* SBJsonStreamWriter.m in Sources */,
				96FDBB7E14D9706C00153D6C /* SBJsonStreamWriterAccumulator.m in Sources */,
				96FDBB7F14D9706C00153D6C /* SBJsonStreamWriterState.m in Sources */,
				96FDBB8014D9706C00153D6C /* SBJsonTokeniser.m in Sources */,
				96FDBB8114D9706C00153D6C /* SBJsonUTF8Stream.m in Sources */,
				96FDBB8214D9706C00153D6C /* SBJsonWriter.m in Sources */,
				96FDBB8314D9706C00153D6C /* RegexKitLite.m in Sources */,
				96FDBB8414D9706C00153D6C /* SocketIO.m in Sources */,
				96FDBB8514D9706C00153D6C /* WebSocket.m in Sources */,
				96FDBB8614D9706C00153D6C /* Request.m in Sources */,
				96FDBB8714D9706C00153D6C /* ConfigViewController.m in Sources */,
				96FDBBB414D972E300153D6C /* AsyncSocket.m in Sources */,
				96FDBBB514D972E700153D6C /* AsyncUdpSocket.m in Sources */,
			);
			runOnlyForDeploymentPostprocessing = 0;
		};
/* End PBXSourcesBuildPhase section */

/* Begin PBXVariantGroup section */
		965BC5251497C7AD00E6D171 /* InfoPlist.strings */ = {
			isa = PBXVariantGroup;
			children = (
				965BC5261497C7AD00E6D171 /* en */,
			);
			name = InfoPlist.strings;
			sourceTree = "<group>";
		};
/* End PBXVariantGroup section */

/* Begin XCBuildConfiguration section */
		965BC5311497C7AD00E6D171 /* Debug */ = {
			isa = XCBuildConfiguration;
			buildSettings = {
				ALWAYS_SEARCH_USER_PATHS = NO;
				ARCHS = "$(ARCHS_STANDARD_32_BIT)";
				CLANG_ENABLE_OBJC_ARC = YES;
				"CODE_SIGN_IDENTITY[sdk=iphoneos*]" = "iPhone Developer: Sebastian Kruschwitz (756H674XWG)";
				COPY_PHASE_STRIP = NO;
				GCC_C_LANGUAGE_STANDARD = gnu99;
				GCC_DYNAMIC_NO_PIC = NO;
				GCC_OPTIMIZATION_LEVEL = 0;
				GCC_PREPROCESSOR_DEFINITIONS = (
					"DEBUG=1",
					"$(inherited)",
				);
				GCC_SYMBOLS_PRIVATE_EXTERN = NO;
				GCC_VERSION = com.apple.compilers.llvm.clang.1_0;
				GCC_WARN_ABOUT_MISSING_PROTOTYPES = YES;
				GCC_WARN_ABOUT_RETURN_TYPE = YES;
				GCC_WARN_UNUSED_VARIABLE = YES;
				IPHONEOS_DEPLOYMENT_TARGET = 4.0;
				OTHER_LDFLAGS = "-licucore";
				"PROVISIONING_PROFILE[sdk=iphoneos*]" = "F2EF4182-79FE-448D-A712-980F6FA37F7D";
				SDKROOT = iphoneos;
			};
			name = Debug;
		};
		965BC5321497C7AD00E6D171 /* Release */ = {
			isa = XCBuildConfiguration;
			buildSettings = {
				ALWAYS_SEARCH_USER_PATHS = NO;
				ARCHS = "$(ARCHS_STANDARD_32_BIT)";
				CLANG_ENABLE_OBJC_ARC = YES;
				"CODE_SIGN_IDENTITY[sdk=iphoneos*]" = "iPhone Developer: Sebastian Kruschwitz (756H674XWG)";
				COPY_PHASE_STRIP = YES;
				GCC_C_LANGUAGE_STANDARD = gnu99;
				GCC_VERSION = com.apple.compilers.llvm.clang.1_0;
				GCC_WARN_ABOUT_MISSING_PROTOTYPES = YES;
				GCC_WARN_ABOUT_RETURN_TYPE = YES;
				GCC_WARN_UNUSED_VARIABLE = YES;
				IPHONEOS_DEPLOYMENT_TARGET = 4.0;
				OTHER_CFLAGS = "-DNS_BLOCK_ASSERTIONS=1";
				OTHER_LDFLAGS = "-licucore";
				"PROVISIONING_PROFILE[sdk=iphoneos*]" = "F2EF4182-79FE-448D-A712-980F6FA37F7D";
				SDKROOT = iphoneos;
				VALIDATE_PRODUCT = YES;
			};
			name = Release;
		};
		965BC5341497C7AD00E6D171 /* Debug */ = {
			isa = XCBuildConfiguration;
			buildSettings = {
				GCC_PRECOMPILE_PREFIX_HEADER = YES;
				GCC_PREFIX_HEADER = "SS_PingPong/SS_PingPong-Prefix.pch";
				INFOPLIST_FILE = "SS_PingPong/SS_PingPong-Info.plist";
				PRODUCT_NAME = "$(TARGET_NAME)";
				WRAPPER_EXTENSION = app;
			};
			name = Debug;
		};
		965BC5351497C7AD00E6D171 /* Release */ = {
			isa = XCBuildConfiguration;
			buildSettings = {
				GCC_PRECOMPILE_PREFIX_HEADER = YES;
				GCC_PREFIX_HEADER = "SS_PingPong/SS_PingPong-Prefix.pch";
				INFOPLIST_FILE = "SS_PingPong/SS_PingPong-Info.plist";
				PRODUCT_NAME = "$(TARGET_NAME)";
				WRAPPER_EXTENSION = app;
			};
			name = Release;
		};
		96FDBBA014D9706C00153D6C /* Debug */ = {
			isa = XCBuildConfiguration;
			buildSettings = {
				GCC_PRECOMPILE_PREFIX_HEADER = YES;
				GCC_PREFIX_HEADER = "SS_PingPong/SS_PingPong-Prefix.pch";
				INFOPLIST_FILE = "SS_PingPong copy-Info.plist";
				LIBRARY_SEARCH_PATHS = (
					"$(inherited)",
					"\"$(SRCROOT)/Frank\"",
				);
				OTHER_LDFLAGS = (
					"-ObjC",
					"-all_load",
					"-licucore",
				);
				PRODUCT_NAME = "SS_PingPong Frankified";
				WRAPPER_EXTENSION = app;
			};
			name = Debug;
		};
		96FDBBA114D9706C00153D6C /* Release */ = {
			isa = XCBuildConfiguration;
			buildSettings = {
				GCC_PRECOMPILE_PREFIX_HEADER = YES;
				GCC_PREFIX_HEADER = "SS_PingPong/SS_PingPong-Prefix.pch";
				INFOPLIST_FILE = "SS_PingPong copy-Info.plist";
				LIBRARY_SEARCH_PATHS = (
					"$(inherited)",
					"\"$(SRCROOT)/Frank\"",
				);
				OTHER_LDFLAGS = (
					"-ObjC",
					"-all_load",
					"-licucore",
				);
				PRODUCT_NAME = "SS_PingPong Frankified";
				WRAPPER_EXTENSION = app;
			};
			name = Release;
		};
/* End XCBuildConfiguration section */

/* Begin XCConfigurationList section */
		965BC5101497C7AD00E6D171 /* Build configuration list for PBXProject "SS_PingPong" */ = {
			isa = XCConfigurationList;
			buildConfigurations = (
				965BC5311497C7AD00E6D171 /* Debug */,
				965BC5321497C7AD00E6D171 /* Release */,
			);
			defaultConfigurationIsVisible = 0;
			defaultConfigurationName = Release;
		};
		965BC5331497C7AD00E6D171 /* Build configuration list for PBXNativeTarget "SS_PingPong" */ = {
			isa = XCConfigurationList;
			buildConfigurations = (
				965BC5341497C7AD00E6D171 /* Debug */,
				965BC5351497C7AD00E6D171 /* Release */,
			);
			defaultConfigurationIsVisible = 0;
			defaultConfigurationName = Release;
		};
		96FDBB9F14D9706C00153D6C /* Build configuration list for PBXNativeTarget "Frankified" */ = {
			isa = XCConfigurationList;
			buildConfigurations = (
				96FDBBA014D9706C00153D6C /* Debug */,
				96FDBBA114D9706C00153D6C /* Release */,
			);
			defaultConfigurationIsVisible = 0;
			defaultConfigurationName = Release;
		};
/* End XCConfigurationList section */

/* Begin XCVersionGroup section */
		965BC52E1497C7AD00E6D171 /* SS_PingPong.xcdatamodeld */ = {
			isa = XCVersionGroup;
			children = (
				965BC52F1497C7AD00E6D171 /* SS_PingPong.xcdatamodel */,
			);
			currentVersion = 965BC52F1497C7AD00E6D171 /* SS_PingPong.xcdatamodel */;
			path = SS_PingPong.xcdatamodeld;
			sourceTree = "<group>";
			versionGroupType = wrapper.xcdatamodel;
		};
/* End XCVersionGroup section */
	};
	rootObject = 965BC50D1497C7AD00E6D171 /* Project object */;
}
